
Microsoft Visual Studio Solution File, Format Version 12.00
# Visual Studio Version 17
VisualStudioVersion = 17.4.33205.214
MinimumVisualStudioVersion = 10.0.40219.1
Project("{FAE04EC0-301F-11D3-BF4B-00C04F79EFBC}") = "Mobile", "CursoMobile\Mobile.csproj", "{2476E642-1D19-4E04-8D9A-8E4BC7CBB138}"
EndProject
Project("{FAE04EC0-301F-11D3-BF4B-00C04F79EFBC}") = "Mobile.Domain", "Mobile.Domain\Mobile.Domain.csproj", "{8BC0E5B8-4B63-46AA-BAA9-B9F15FEE45B5}"
EndProject
Project("{FAE04EC0-301F-11D3-BF4B-00C04F79EFBC}") = "Mobile.Service", "ClassLibrary1\Mobile.Service.csproj", "{C80F869B-2B36-403E-8CBD-2B528E168CD0}"
EndProject
Project("{FAE04EC0-301F-11D3-BF4B-00C04F79EFBC}") = "Mobile.Infa.Data", "Mobile.Infa.Data\Mobile.Infa.Data.csproj", "{88A86527-96FA-4D2B-9C0B-81308C01E79C}"
EndProject
Project("{FAE04EC0-301F-11D3-BF4B-00C04F79EFBC}") = "Mobile.Infra.CrossCutting", "Mobile.Infra.CrossCutting\Mobile.Infra.CrossCutting.csproj", "{ACFC3C75-CA49-4AA8-BC26-1666FF4CB198}"
EndProject
Global
	GlobalSection(SolutionConfigurationPlatforms) = preSolution
		Debug|Any CPU = Debug|Any CPU
		Release|Any CPU = Release|Any CPU
	EndGlobalSection
	GlobalSection(ProjectConfigurationPlatforms) = postSolution
		{2476E642-1D19-4E04-8D9A-8E4BC7CBB138}.Debug|Any CPU.ActiveCfg = Debug|Any CPU
		{2476E642-1D19-4E04-8D9A-8E4BC7CBB138}.Debug|Any CPU.Build.0 = Debug|Any CPU
		{2476E642-1D19-4E04-8D9A-8E4BC7CBB138}.Release|Any CPU.ActiveCfg = Release|Any CPU
		{2476E642-1D19-4E04-8D9A-8E4BC7CBB138}.Release|Any CPU.Build.0 = Release|Any CPU
		{8BC0E5B8-4B63-46AA-BAA9-B9F15FEE45B5}.Debug|Any CPU.ActiveCfg = Debug|Any CPU
		{8BC0E5B8-4B63-46AA-BAA9-B9F15FEE45B5}.Debug|Any CPU.Build.0 = Debug|Any CPU
		{8BC0E5B8-4B63-46AA-BAA9-B9F15FEE45B5}.Release|Any CPU.ActiveCfg = Release|Any CPU
		{8BC0E5B8-4B63-46AA-BAA9-B9F15FEE45B5}.Release|Any CPU.Build.0 = Release|Any CPU
		{C80F869B-2B36-403E-8CBD-2B528E168CD0}.Debug|Any CPU.ActiveCfg = Debug|Any CPU
		{C80F869B-2B36-403E-8CBD-2B528E168CD0}.Debug|Any CPU.Build.0 = Debug|Any CPU
		{C80F869B-2B36-403E-8CBD-2B528E168CD0}.Release|Any CPU.ActiveCfg = Release|Any CPU
		{C80F869B-2B36-403E-8CBD-2B528E168CD0}.Release|Any CPU.Build.0 = Release|Any CPU
		{88A86527-96FA-4D2B-9C0B-81308C01E79C}.Debug|Any CPU.ActiveCfg = Debug|Any CPU
		{88A86527-96FA-4D2B-9C0B-81308C01E79C}.Debug|Any CPU.Build.0 = Debug|Any CPU
		{88A86527-96FA-4D2B-9C0B-81308C01E79C}.Release|Any CPU.ActiveCfg = Release|Any CPU
		{88A86527-96FA-4D2B-9C0B-81308C01E79C}.Release|Any CPU.Build.0 = Release|Any CPU
		{ACFC3C75-CA49-4AA8-BC26-1666FF4CB198}.Debug|Any CPU.ActiveCfg = Debug|Any CPU
		{ACFC3C75-CA49-4AA8-BC26-1666FF4CB198}.Debug|Any CPU.Build.0 = Debug|Any CPU
		{ACFC3C75-CA49-4AA8-BC26-1666FF4CB198}.Release|Any CPU.ActiveCfg = Release|Any CPU
		{ACFC3C75-CA49-4AA8-BC26-1666FF4CB198}.Release|Any CPU.Build.0 = Release|Any CPU
	EndGlobalSection
	GlobalSection(SolutionProperties) = preSolution
		HideSolutionNode = FALSE
	EndGlobalSection
	GlobalSection(ExtensibilityGlobals) = postSolution
		SolutionGuid = {02288045-A637-4693-A429-DEA9675D0A61}
	EndGlobalSection
EndGlobal
